
Microsoft Visual Studio Solution File, Format Version 12.00
# Visual Studio 15
VisualStudioVersion = 15.0.28307.136
MinimumVisualStudioVersion = 10.0.40219.1
Project("{8BC9CEB8-8B4A-11D0-8D11-00A0C91BC942}") = "Katas", "Katas\Katas.vcxproj", "{E7A45CE8-47F7-427B-ABE2-B24CDD09D759}"
EndProject
Project("{8BC9CEB8-8B4A-11D0-8D11-00A0C91BC942}") = "KataTest", "KataTest\KataTest.vcxproj", "{FE4ACBFB-1A2B-4463-833B-50A22C4409F7}"
EndProject
Project("{8BC9CEB8-8B4A-11D0-8D11-00A0C91BC942}") = "Scratch", "Scratch\Scratch.vcxproj", "{491880BC-FE59-4C62-8C27-71F6D440A671}"
EndProject
Project("{8BC9CEB8-8B4A-11D0-8D11-00A0C91BC942}") = "DataStructures", "DataStructures\DataStructures.vcxproj", "{0BD6C1D7-68B3-4DA0-A641-1A0C017AB5F3}"
EndProject
Project("{8BC9CEB8-8B4A-11D0-8D11-00A0C91BC942}") = "DSTests", "DSTests\DSTests.vcxproj", "{C9808784-18D3-4125-A63C-F1C6FEBABEFE}"
EndProject
Global
	GlobalSection(SolutionConfigurationPlatforms) = preSolution
		Debug|x64 = Debug|x64
		Debug|x86 = Debug|x86
		Release|x64 = Release|x64
		Release|x86 = Release|x86
		Solo|x64 = Solo|x64
		Solo|x86 = Solo|x86
	EndGlobalSection
	GlobalSection(ProjectConfigurationPlatforms) = postSolution
		{E7A45CE8-47F7-427B-ABE2-B24CDD09D759}.Debug|x64.ActiveCfg = Debug|x64
		{E7A45CE8-47F7-427B-ABE2-B24CDD09D759}.Debug|x64.Build.0 = Debug|x64
		{E7A45CE8-47F7-427B-ABE2-B24CDD09D759}.Debug|x86.ActiveCfg = Debug|Win32
		{E7A45CE8-47F7-427B-ABE2-B24CDD09D759}.Debug|x86.Build.0 = Debug|Win32
		{E7A45CE8-47F7-427B-ABE2-B24CDD09D759}.Release|x64.ActiveCfg = Release|x64
		{E7A45CE8-47F7-427B-ABE2-B24CDD09D759}.Release|x64.Build.0 = Release|x64
		{E7A45CE8-47F7-427B-ABE2-B24CDD09D759}.Release|x86.ActiveCfg = Release|Win32
		{E7A45CE8-47F7-427B-ABE2-B24CDD09D759}.Release|x86.Build.0 = Release|Win32
		{E7A45CE8-47F7-427B-ABE2-B24CDD09D759}.Solo|x64.ActiveCfg = Release|x64
		{E7A45CE8-47F7-427B-ABE2-B24CDD09D759}.Solo|x86.ActiveCfg = Release|Win32
		{FE4ACBFB-1A2B-4463-833B-50A22C4409F7}.Debug|x64.ActiveCfg = Debug|x64
		{FE4ACBFB-1A2B-4463-833B-50A22C4409F7}.Debug|x64.Build.0 = Debug|x64
		{FE4ACBFB-1A2B-4463-833B-50A22C4409F7}.Debug|x86.ActiveCfg = Debug|Win32
		{FE4ACBFB-1A2B-4463-833B-50A22C4409F7}.Debug|x86.Build.0 = Debug|Win32
		{FE4ACBFB-1A2B-4463-833B-50A22C4409F7}.Release|x64.ActiveCfg = Release|x64
		{FE4ACBFB-1A2B-4463-833B-50A22C4409F7}.Release|x64.Build.0 = Release|x64
		{FE4ACBFB-1A2B-4463-833B-50A22C4409F7}.Release|x86.ActiveCfg = Release|Win32
		{FE4ACBFB-1A2B-4463-833B-50A22C4409F7}.Release|x86.Build.0 = Release|Win32
		{FE4ACBFB-1A2B-4463-833B-50A22C4409F7}.Solo|x64.ActiveCfg = Release|x64
		{FE4ACBFB-1A2B-4463-833B-50A22C4409F7}.Solo|x86.ActiveCfg = Release|Win32
		{491880BC-FE59-4C62-8C27-71F6D440A671}.Debug|x64.ActiveCfg = Debug|x64
		{491880BC-FE59-4C62-8C27-71F6D440A671}.Debug|x64.Build.0 = Debug|x64
		{491880BC-FE59-4C62-8C27-71F6D440A671}.Debug|x86.ActiveCfg = Debug|Win32
		{491880BC-FE59-4C62-8C27-71F6D440A671}.Debug|x86.Build.0 = Debug|Win32
		{491880BC-FE59-4C62-8C27-71F6D440A671}.Release|x64.ActiveCfg = Release|x64
		{491880BC-FE59-4C62-8C27-71F6D440A671}.Release|x64.Build.0 = Release|x64
		{491880BC-FE59-4C62-8C27-71F6D440A671}.Release|x86.ActiveCfg = Release|Win32
		{491880BC-FE59-4C62-8C27-71F6D440A671}.Release|x86.Build.0 = Release|Win32
		{491880BC-FE59-4C62-8C27-71F6D440A671}.Solo|x64.ActiveCfg = Solo|x64
		{491880BC-FE59-4C62-8C27-71F6D440A671}.Solo|x64.Build.0 = Solo|x64
		{491880BC-FE59-4C62-8C27-71F6D440A671}.Solo|x86.ActiveCfg = Solo|Win32
		{491880BC-FE59-4C62-8C27-71F6D440A671}.Solo|x86.Build.0 = Solo|Win32
		{0BD6C1D7-68B3-4DA0-A641-1A0C017AB5F3}.Debug|x64.ActiveCfg = Debug|x64
		{0BD6C1D7-68B3-4DA0-A641-1A0C017AB5F3}.Debug|x64.Build.0 = Debug|x64
		{0BD6C1D7-68B3-4DA0-A641-1A0C017AB5F3}.Debug|x86.ActiveCfg = Debug|Win32
		{0BD6C1D7-68B3-4DA0-A641-1A0C017AB5F3}.Debug|x86.Build.0 = Debug|Win32
		{0BD6C1D7-68B3-4DA0-A641-1A0C017AB5F3}.Release|x64.ActiveCfg = Release|x64
		{0BD6C1D7-68B3-4DA0-A641-1A0C017AB5F3}.Release|x64.Build.0 = Release|x64
		{0BD6C1D7-68B3-4DA0-A641-1A0C017AB5F3}.Release|x86.ActiveCfg = Release|Win32
		{0BD6C1D7-68B3-4DA0-A641-1A0C017AB5F3}.Release|x86.Build.0 = Release|Win32
		{0BD6C1D7-68B3-4DA0-A641-1A0C017AB5F3}.Solo|x64.ActiveCfg = Solo|x64
		{0BD6C1D7-68B3-4DA0-A641-1A0C017AB5F3}.Solo|x64.Build.0 = Solo|x64
		{0BD6C1D7-68B3-4DA0-A641-1A0C017AB5F3}.Solo|x86.ActiveCfg = Solo|Win32
		{0BD6C1D7-68B3-4DA0-A641-1A0C017AB5F3}.Solo|x86.Build.0 = Solo|Win32
		{C9808784-18D3-4125-A63C-F1C6FEBABEFE}.Debug|x64.ActiveCfg = Debug|x64
		{C9808784-18D3-4125-A63C-F1C6FEBABEFE}.Debug|x64.Build.0 = Debug|x64
		{C9808784-18D3-4125-A63C-F1C6FEBABEFE}.Debug|x86.ActiveCfg = Debug|Win32
		{C9808784-18D3-4125-A63C-F1C6FEBABEFE}.Debug|x86.Build.0 = Debug|Win32
		{C9808784-18D3-4125-A63C-F1C6FEBABEFE}.Release|x64.ActiveCfg = Release|x64
		{C9808784-18D3-4125-A63C-F1C6FEBABEFE}.Release|x64.Build.0 = Release|x64
		{C9808784-18D3-4125-A63C-F1C6FEBABEFE}.Release|x86.ActiveCfg = Release|Win32
		{C9808784-18D3-4125-A63C-F1C6FEBABEFE}.Release|x86.Build.0 = Release|Win32
		{C9808784-18D3-4125-A63C-F1C6FEBABEFE}.Solo|x64.ActiveCfg = Solo|x64
		{C9808784-18D3-4125-A63C-F1C6FEBABEFE}.Solo|x64.Build.0 = Solo|x64
		{C9808784-18D3-4125-A63C-F1C6FEBABEFE}.Solo|x86.ActiveCfg = Solo|Win32
		{C9808784-18D3-4125-A63C-F1C6FEBABEFE}.Solo|x86.Build.0 = Solo|Win32
	EndGlobalSection
	GlobalSection(SolutionProperties) = preSolution
		HideSolutionNode = FALSE
	EndGlobalSection
	GlobalSection(ExtensibilityGlobals) = postSolution
		SolutionGuid = {C3229FEE-B2C1-468D-8005-DB6C32A49178}
	EndGlobalSection
	GlobalSection(Performance) = preSolution
		HasPerformanceSessions = true
	EndGlobalSection
EndGlobal
